PATH
  remote: .
  specs:
    minitest-keyword (2.1.0)
      minitest (>= 5)

GEM
  remote: https://rubygems.org/
  specs:
    drb (2.2.3)
    minitest (6.0.6)
      drb (~> 2.0)
      prism (~> 1.5)
    prettier_print (1.2.1)
    prism (1.9.0)
    rake (13.4.2)
    simplecov (1.0.3)
    syntax_tree (6.3.0)
      prettier_print (>= 1.2.0)

PLATFORMS
  ruby

DEPENDENCIES
  bundler
  minitest-keyword!
  rake
  simplecov
  syntax_tree

BUNDLED WITH
  4.0.15
